{
    "name": "smart_contract_security",
    "version": "1.0.0",
    "lockfileVersion": 3,
    "requires": true,
    "packages": {
        "": {
            "name": "smart_contract_security",
            "version": "1.0.0",
            "license": "ISC",
            "dependencies": {
                "@solidity-parser/parser": "^0.18.0",
                "commander": "^12.1.0"
            },
            "bin": {
                "armor": "index.js"
            }
        },
        "node_modules/@solidity-parser/parser": {
            "version": "0.18.0",
            "resolved": "https://registry.npmjs.org/@solidity-parser/parser/-/parser-0.18.0.tgz",
            "integrity": "sha512-yfORGUIPgLck41qyN7nbwJRAx17/jAIXCTanHOJZhB6PJ1iAk/84b/xlsVKFSyNyLXIj0dhppoE0+CRws7wlzA==",
            "license": "MIT"
        },
        "node_modules/commander": {
            "version": "12.1.0",
            "resolved": "https://registry.npmjs.org/commander/-/commander-12.1.0.tgz",
            "integrity": "sha512-Vw8qHK3bZM9y/P10u3Vib8o/DdkvA2OtPtZvD871QKjy74Wj1WSKFILMPRPSdUSx5RFK1arlJzEtA4PkFgnbuA==",
            "license": "MIT",
            "engines": {
                "node": ">=18"
            }
        }
    }
}
